
Microsoft Visual Studio Solution File, Format Version 12.00
# Visual Studio 15
VisualStudioVersion = 15.0.28307.168
MinimumVisualStudioVersion = 10.0.40219.1
Project("{FAE04EC0-301F-11D3-BF4B-00C04F79EFBC}") = "MTGCardData", "MTGCardData\MTGCardData.csproj", "{4558738B-165A-49C7-9F0F-00A25E3C4B06}"
EndProject
Project("{FAE04EC0-301F-11D3-BF4B-00C04F79EFBC}") = "Tests", "Tests\Tests.csproj", "{6A8896CD-6F1D-476A-89CB-51402FA124DE}"
EndProject
Global
	GlobalSection(SolutionConfigurationPlatforms) = preSolution
		Debug|Any CPU = Debug|Any CPU
		Release|Any CPU = Release|Any CPU
	EndGlobalSection
	GlobalSection(ProjectConfigurationPlatforms) = postSolution
		{4558738B-165A-49C7-9F0F-00A25E3C4B06}.Debug|Any CPU.ActiveCfg = Debug|Any CPU
		{4558738B-165A-49C7-9F0F-00A25E3C4B06}.Debug|Any CPU.Build.0 = Debug|Any CPU
		{4558738B-165A-49C7-9F0F-00A25E3C4B06}.Release|Any CPU.ActiveCfg = Release|Any CPU
		{4558738B-165A-49C7-9F0F-00A25E3C4B06}.Release|Any CPU.Build.0 = Release|Any CPU
		{6A8896CD-6F1D-476A-89CB-51402FA124DE}.Debug|Any CPU.ActiveCfg = Debug|Any CPU
		{6A8896CD-6F1D-476A-89CB-51402FA124DE}.Debug|Any CPU.Build.0 = Debug|Any CPU
		{6A8896CD-6F1D-476A-89CB-51402FA124DE}.Release|Any CPU.ActiveCfg = Release|Any CPU
		{6A8896CD-6F1D-476A-89CB-51402FA124DE}.Release|Any CPU.Build.0 = Release|Any CPU
	EndGlobalSection
	GlobalSection(SolutionProperties) = preSolution
		HideSolutionNode = FALSE
	EndGlobalSection
	GlobalSection(ExtensibilityGlobals) = postSolution
		SolutionGuid = {5136F382-77FC-430D-BBCB-141E147ACA51}
	EndGlobalSection
EndGlobal
